
Microsoft Visual Studio Solution File, Format Version 12.00
# Visual Studio 15
VisualStudioVersion = 15.0.26124.0
MinimumVisualStudioVersion = 15.0.26124.0
Project("{2150E333-8FDC-42A3-9474-1A3956D46DE8}") = "src", "src", "{CE6676D1-54DB-4538-8B1C-867BD2528D00}"
EndProject
Project("{FAE04EC0-301F-11D3-BF4B-00C04F79EFBC}") = "Violet.WorkItems.Abstractions", "src\Violet.WorkItems.Abstractions\Violet.WorkItems.Abstractions.csproj", "{A1863D50-DF8E-4F6D-A972-AFBCE89166B4}"
EndProject
Project("{FAE04EC0-301F-11D3-BF4B-00C04F79EFBC}") = "Violet.WorkItems.Provider.GitHub", "src\Violet.WorkItems.Provider.GitHub\Violet.WorkItems.Provider.GitHub.csproj", "{0BBF2752-7F29-49E7-A4F8-A01E42346DBA}"
EndProject
Project("{2150E333-8FDC-42A3-9474-1A3956D46DE8}") = "test", "test", "{A0AD9138-4E7D-4973-98D1-5A7607871088}"
EndProject
Project("{FAE04EC0-301F-11D3-BF4B-00C04F79EFBC}") = "Violet.WorkItems.Provider.GitHub.Test", "test\Violet.WorkItems.Provider.GitHub.Test\Violet.WorkItems.Provider.GitHub.Test.csproj", "{5EE111EE-B8C6-4A08-A3A1-5891D74DE3F0}"
EndProject
Project("{FAE04EC0-301F-11D3-BF4B-00C04F79EFBC}") = "Violet.WorkItems.Types.CommonSdlc", "src\Violet.WorkItems.Types.CommonSdlc\Violet.WorkItems.Types.CommonSdlc.csproj", "{4E2AEAD2-0D76-4A5D-8517-FAEE40CE3007}"
EndProject
Project("{FAE04EC0-301F-11D3-BF4B-00C04F79EFBC}") = "Violet.WorkItems.Core", "src\Violet.WorkItems.Core\Violet.WorkItems.Core.csproj", "{D33D1787-9327-48B3-886F-C0FF7EE4D6A0}"
EndProject
Project("{FAE04EC0-301F-11D3-BF4B-00C04F79EFBC}") = "Violet.WorkItems.Core.Test", "test\Violet.WorkItems.Core.Test\Violet.WorkItems.Core.Test.csproj", "{D3D9A9E5-16BA-46C7-8E58-694D58A5FA8B}"
EndProject
Project("{FAE04EC0-301F-11D3-BF4B-00C04F79EFBC}") = "Violet.WorkItems.Cli", "src\Violet.WorkItems.Cli\Violet.WorkItems.Cli.csproj", "{A79C54DE-EDE3-4AC9-99EA-58837E051AB0}"
EndProject
Project("{FAE04EC0-301F-11D3-BF4B-00C04F79EFBC}") = "Violet.WorkItems.Service", "src\Violet.WorkItems.Service\Violet.WorkItems.Service.csproj", "{59146626-1ECF-40A3-9C69-24FA1B7A7528}"
EndProject
Global
	GlobalSection(SolutionConfigurationPlatforms) = preSolution
		Debug|Any CPU = Debug|Any CPU
		Debug|x64 = Debug|x64
		Debug|x86 = Debug|x86
		Release|Any CPU = Release|Any CPU
		Release|x64 = Release|x64
		Release|x86 = Release|x86
	EndGlobalSection
	GlobalSection(SolutionProperties) = preSolution
		HideSolutionNode = FALSE
	EndGlobalSection
	GlobalSection(ProjectConfigurationPlatforms) = postSolution
		{A1863D50-DF8E-4F6D-A972-AFBCE89166B4}.Debug|Any CPU.ActiveCfg = Debug|Any CPU
		{A1863D50-DF8E-4F6D-A972-AFBCE89166B4}.Debug|Any CPU.Build.0 = Debug|Any CPU
		{A1863D50-DF8E-4F6D-A972-AFBCE89166B4}.Debug|x64.ActiveCfg = Debug|Any CPU
		{A1863D50-DF8E-4F6D-A972-AFBCE89166B4}.Debug|x64.Build.0 = Debug|Any CPU
		{A1863D50-DF8E-4F6D-A972-AFBCE89166B4}.Debug|x86.ActiveCfg = Debug|Any CPU
		{A1863D50-DF8E-4F6D-A972-AFBCE89166B4}.Debug|x86.Build.0 = Debug|Any CPU
		{A1863D50-DF8E-4F6D-A972-AFBCE89166B4}.Release|Any CPU.ActiveCfg = Release|Any CPU
		{A1863D50-DF8E-4F6D-A972-AFBCE89166B4}.Release|Any CPU.Build.0 = Release|Any CPU
		{A1863D50-DF8E-4F6D-A972-AFBCE89166B4}.Release|x64.ActiveCfg = Release|Any CPU
		{A1863D50-DF8E-4F6D-A972-AFBCE89166B4}.Release|x64.Build.0 = Release|Any CPU
		{A1863D50-DF8E-4F6D-A972-AFBCE89166B4}.Release|x86.ActiveCfg = Release|Any CPU
		{A1863D50-DF8E-4F6D-A972-AFBCE89166B4}.Release|x86.Build.0 = Release|Any CPU
		{0BBF2752-7F29-49E7-A4F8-A01E42346DBA}.Debug|Any CPU.ActiveCfg = Debug|Any CPU
		{0BBF2752-7F29-49E7-A4F8-A01E42346DBA}.Debug|Any CPU.Build.0 = Debug|Any CPU
		{0BBF2752-7F29-49E7-A4F8-A01E42346DBA}.Debug|x64.ActiveCfg = Debug|Any CPU
		{0BBF2752-7F29-49E7-A4F8-A01E42346DBA}.Debug|x64.Build.0 = Debug|Any CPU
		{0BBF2752-7F29-49E7-A4F8-A01E42346DBA}.Debug|x86.ActiveCfg = Debug|Any CPU
		{0BBF2752-7F29-49E7-A4F8-A01E42346DBA}.Debug|x86.Build.0 = Debug|Any CPU
		{0BBF2752-7F29-49E7-A4F8-A01E42346DBA}.Release|Any CPU.ActiveCfg = Release|Any CPU
		{0BBF2752-7F29-49E7-A4F8-A01E42346DBA}.Release|Any CPU.Build.0 = Release|Any CPU
		{0BBF2752-7F29-49E7-A4F8-A01E42346DBA}.Release|x64.ActiveCfg = Release|Any CPU
		{0BBF2752-7F29-49E7-A4F8-A01E42346DBA}.Release|x64.Build.0 = Release|Any CPU
		{0BBF2752-7F29-49E7-A4F8-A01E42346DBA}.Release|x86.ActiveCfg = Release|Any CPU
		{0BBF2752-7F29-49E7-A4F8-A01E42346DBA}.Release|x86.Build.0 = Release|Any CPU
		{5EE111EE-B8C6-4A08-A3A1-5891D74DE3F0}.Debug|Any CPU.ActiveCfg = Debug|Any CPU
		{5EE111EE-B8C6-4A08-A3A1-5891D74DE3F0}.Debug|Any CPU.Build.0 = Debug|Any CPU
		{5EE111EE-B8C6-4A08-A3A1-5891D74DE3F0}.Debug|x64.ActiveCfg = Debug|Any CPU
		{5EE111EE-B8C6-4A08-A3A1-5891D74DE3F0}.Debug|x64.Build.0 = Debug|Any CPU
		{5EE111EE-B8C6-4A08-A3A1-5891D74DE3F0}.Debug|x86.ActiveCfg = Debug|Any CPU
		{5EE111EE-B8C6-4A08-A3A1-5891D74DE3F0}.Debug|x86.Build.0 = Debug|Any CPU
		{5EE111EE-B8C6-4A08-A3A1-5891D74DE3F0}.Release|Any CPU.ActiveCfg = Release|Any CPU
		{5EE111EE-B8C6-4A08-A3A1-5891D74DE3F0}.Release|Any CPU.Build.0 = Release|Any CPU
		{5EE111EE-B8C6-4A08-A3A1-5891D74DE3F0}.Release|x64.ActiveCfg = Release|Any CPU
		{5EE111EE-B8C6-4A08-A3A1-5891D74DE3F0}.Release|x64.Build.0 = Release|Any CPU
		{5EE111EE-B8C6-4A08-A3A1-5891D74DE3F0}.Release|x86.ActiveCfg = Release|Any CPU
		{5EE111EE-B8C6-4A08-A3A1-5891D74DE3F0}.Release|x86.Build.0 = Release|Any CPU
		{4E2AEAD2-0D76-4A5D-8517-FAEE40CE3007}.Debug|Any CPU.ActiveCfg = Debug|Any CPU
		{4E2AEAD2-0D76-4A5D-8517-FAEE40CE3007}.Debug|Any CPU.Build.0 = Debug|Any CPU
		{4E2AEAD2-0D76-4A5D-8517-FAEE40CE3007}.Debug|x64.ActiveCfg = Debug|Any CPU
		{4E2AEAD2-0D76-4A5D-8517-FAEE40CE3007}.Debug|x64.Build.0 = Debug|Any CPU
		{4E2AEAD2-0D76-4A5D-8517-FAEE40CE3007}.Debug|x86.ActiveCfg = Debug|Any CPU
		{4E2AEAD2-0D76-4A5D-8517-FAEE40CE3007}.Debug|x86.Build.0 = Debug|Any CPU
		{4E2AEAD2-0D76-4A5D-8517-FAEE40CE3007}.Release|Any CPU.ActiveCfg = Release|Any CPU
		{4E2AEAD2-0D76-4A5D-8517-FAEE40CE3007}.Release|Any CPU.Build.0 = Release|Any CPU
		{4E2AEAD2-0D76-4A5D-8517-FAEE40CE3007}.Release|x64.ActiveCfg = Release|Any CPU
		{4E2AEAD2-0D76-4A5D-8517-FAEE40CE3007}.Release|x64.Build.0 = Release|Any CPU
		{4E2AEAD2-0D76-4A5D-8517-FAEE40CE3007}.Release|x86.ActiveCfg = Release|Any CPU
		{4E2AEAD2-0D76-4A5D-8517-FAEE40CE3007}.Release|x86.Build.0 = Release|Any CPU
		{D33D1787-9327-48B3-886F-C0FF7EE4D6A0}.Debug|Any CPU.ActiveCfg = Debug|Any CPU
		{D33D1787-9327-48B3-886F-C0FF7EE4D6A0}.Debug|Any CPU.Build.0 = Debug|Any CPU
		{D33D1787-9327-48B3-886F-C0FF7EE4D6A0}.Debug|x64.ActiveCfg = Debug|Any CPU
		{D33D1787-9327-48B3-886F-C0FF7EE4D6A0}.Debug|x64.Build.0 = Debug|Any CPU
		{D33D1787-9327-48B3-886F-C0FF7EE4D6A0}.Debug|x86.ActiveCfg = Debug|Any CPU
		{D33D1787-9327-48B3-886F-C0FF7EE4D6A0}.Debug|x86.Build.0 = Debug|Any CPU
		{D33D1787-9327-48B3-886F-C0FF7EE4D6A0}.Release|Any CPU.ActiveCfg = Release|Any CPU
		{D33D1787-9327-48B3-886F-C0FF7EE4D6A0}.Release|Any CPU.Build.0 = Release|Any CPU
		{D33D1787-9327-48B3-886F-C0FF7EE4D6A0}.Release|x64.ActiveCfg = Release|Any CPU
		{D33D1787-9327-48B3-886F-C0FF7EE4D6A0}.Release|x64.Build.0 = Release|Any CPU
		{D33D1787-9327-48B3-886F-C0FF7EE4D6A0}.Release|x86.ActiveCfg = Release|Any CPU
		{D33D1787-9327-48B3-886F-C0FF7EE4D6A0}.Release|x86.Build.0 = Release|Any CPU
		{D3D9A9E5-16BA-46C7-8E58-694D58A5FA8B}.Debug|Any CPU.ActiveCfg = Debug|Any CPU
		{D3D9A9E5-16BA-46C7-8E58-694D58A5FA8B}.Debug|Any CPU.Build.0 = Debug|Any CPU
		{D3D9A9E5-16BA-46C7-8E58-694D58A5FA8B}.Debug|x64.ActiveCfg = Debug|Any CPU
		{D3D9A9E5-16BA-46C7-8E58-694D58A5FA8B}.Debug|x64.Build.0 = Debug|Any CPU
		{D3D9A9E5-16BA-46C7-8E58-694D58A5FA8B}.Debug|x86.ActiveCfg = Debug|Any CPU
		{D3D9A9E5-16BA-46C7-8E58-694D58A5FA8B}.Debug|x86.Build.0 = Debug|Any CPU
		{D3D9A9E5-16BA-46C7-8E58-694D58A5FA8B}.Release|Any CPU.ActiveCfg = Release|Any CPU
		{D3D9A9E5-16BA-46C7-8E58-694D58A5FA8B}.Release|Any CPU.Build.0 = Release|Any CPU
		{D3D9A9E5-16BA-46C7-8E58-694D58A5FA8B}.Release|x64.ActiveCfg = Release|Any CPU
		{D3D9A9E5-16BA-46C7-8E58-694D58A5FA8B}.Release|x64.Build.0 = Release|Any CPU
		{D3D9A9E5-16BA-46C7-8E58-694D58A5FA8B}.Release|x86.ActiveCfg = Release|Any CPU
		{D3D9A9E5-16BA-46C7-8E58-694D58A5FA8B}.Release|x86.Build.0 = Release|Any CPU
		{A79C54DE-EDE3-4AC9-99EA-58837E051AB0}.Debug|Any CPU.ActiveCfg = Debug|Any CPU
		{A79C54DE-EDE3-4AC9-99EA-58837E051AB0}.Debug|Any CPU.Build.0 = Debug|Any CPU
		{A79C54DE-EDE3-4AC9-99EA-58837E051AB0}.Debug|x64.ActiveCfg = Debug|Any CPU
		{A79C54DE-EDE3-4AC9-99EA-58837E051AB0}.Debug|x64.Build.0 = Debug|Any CPU
		{A79C54DE-EDE3-4AC9-99EA-58837E051AB0}.Debug|x86.ActiveCfg = Debug|Any CPU
		{A79C54DE-EDE3-4AC9-99EA-58837E051AB0}.Debug|x86.Build.0 = Debug|Any CPU
		{A79C54DE-EDE3-4AC9-99EA-58837E051AB0}.Release|Any CPU.ActiveCfg = Release|Any CPU
		{A79C54DE-EDE3-4AC9-99EA-58837E051AB0}.Release|Any CPU.Build.0 = Release|Any CPU
		{A79C54DE-EDE3-4AC9-99EA-58837E051AB0}.Release|x64.ActiveCfg = Release|Any CPU
		{A79C54DE-EDE3-4AC9-99EA-58837E051AB0}.Release|x64.Build.0 = Release|Any CPU
		{A79C54DE-EDE3-4AC9-99EA-58837E051AB0}.Release|x86.ActiveCfg = Release|Any CPU
		{A79C54DE-EDE3-4AC9-99EA-58837E051AB0}.Release|x86.Build.0 = Release|Any CPU
		{59146626-1ECF-40A3-9C69-24FA1B7A7528}.Debug|Any CPU.ActiveCfg = Debug|Any CPU
		{59146626-1ECF-40A3-9C69-24FA1B7A7528}.Debug|Any CPU.Build.0 = Debug|Any CPU
		{59146626-1ECF-40A3-9C69-24FA1B7A7528}.Debug|x64.ActiveCfg = Debug|Any CPU
		{59146626-1ECF-40A3-9C69-24FA1B7A7528}.Debug|x64.Build.0 = Debug|Any CPU
		{59146626-1ECF-40A3-9C69-24FA1B7A7528}.Debug|x86.ActiveCfg = Debug|Any CPU
		{59146626-1ECF-40A3-9C69-24FA1B7A7528}.Debug|x86.Build.0 = Debug|Any CPU
		{59146626-1ECF-40A3-9C69-24FA1B7A7528}.Release|Any CPU.ActiveCfg = Release|Any CPU
		{59146626-1ECF-40A3-9C69-24FA1B7A7528}.Release|Any CPU.Build.0 = Release|Any CPU
		{59146626-1ECF-40A3-9C69-24FA1B7A7528}.Release|x64.ActiveCfg = Release|Any CPU
		{59146626-1ECF-40A3-9C69-24FA1B7A7528}.Release|x64.Build.0 = Release|Any CPU
		{59146626-1ECF-40A3-9C69-24FA1B7A7528}.Release|x86.ActiveCfg = Release|Any CPU
		{59146626-1ECF-40A3-9C69-24FA1B7A7528}.Release|x86.Build.0 = Release|Any CPU
	EndGlobalSection
	GlobalSection(NestedProjects) = preSolution
		{A1863D50-DF8E-4F6D-A972-AFBCE89166B4} = {CE6676D1-54DB-4538-8B1C-867BD2528D00}
		{0BBF2752-7F29-49E7-A4F8-A01E42346DBA} = {CE6676D1-54DB-4538-8B1C-867BD2528D00}
		{5EE111EE-B8C6-4A08-A3A1-5891D74DE3F0} = {A0AD9138-4E7D-4973-98D1-5A7607871088}
		{4E2AEAD2-0D76-4A5D-8517-FAEE40CE3007} = {CE6676D1-54DB-4538-8B1C-867BD2528D00}
		{D33D1787-9327-48B3-886F-C0FF7EE4D6A0} = {CE6676D1-54DB-4538-8B1C-867BD2528D00}
		{D3D9A9E5-16BA-46C7-8E58-694D58A5FA8B} = {A0AD9138-4E7D-4973-98D1-5A7607871088}
		{A79C54DE-EDE3-4AC9-99EA-58837E051AB0} = {CE6676D1-54DB-4538-8B1C-867BD2528D00}
		{59146626-1ECF-40A3-9C69-24FA1B7A7528} = {CE6676D1-54DB-4538-8B1C-867BD2528D00}
	EndGlobalSection
EndGlobal
